{
  "name": "status-aggregator",
  "version": "0.0.40",
  "lockfileVersion": 1,
  "requires": true,
  "dependencies": {
    "@babel/code-frame": {
      "version": "7.0.0",
      "resolved": "https://registry.npmjs.org/@babel/code-frame/-/code-frame-7.0.0.tgz",
      "integrity": "sha512-OfC2uemaknXr87bdLUkWog7nYuliM9Ij5HUcajsVcMCpQrcLmtxRbVFTIqmcSkSeYRBFBRxs2FiUqFJDLdiebA==",
      "dev": true,
      "requires": {
        "@babel/highlight": "^7.0.0"
      }
    },
    "@babel/generator": {
      "version": "7.3.2",
      "resolved": "https://registry.npmjs.org/@babel/generator/-/generator-7.3.2.tgz",
      "integrity": "sha512-f3QCuPppXxtZOEm5GWPra/uYUjmNQlu9pbAD8D/9jze4pTY83rTtB1igTBSwvkeNlC5gR24zFFkz+2WHLFQhqQ==",
      "dev": true,
      "requires": {
        "@babel/types": "^7.3.2",
        "jsesc": "^2.5.1",
        "lodash": "^4.17.10",
        "source-map": "^0.5.0",
        "trim-right": "^1.0.1"
      }
    },
    "@babel/helper-function-name": {
      "version": "7.1.0",
      "resolved": "https://registry.npmjs.org/@babel/helper-function-name/-/helper-function-name-7.1.0.tgz",
      "integrity": "sha512-A95XEoCpb3TO+KZzJ4S/5uW5fNe26DjBGqf1o9ucyLyCmi1dXq/B3c8iaWTfBk3VvetUxl16e8tIrd5teOCfGw==",
      "dev": true,
      "requires": {
        "@babel/helper-get-function-arity": "^7.0.0",
        "@babel/template": "^7.1.0",
        "@babel/types": "^7.0.0"
      }
    },
    "@babel/helper-get-function-arity": {
      "version": "7.0.0",
      "resolved": "https://registry.npmjs.org/@babel/helper-get-function-arity/-/helper-get-function-arity-7.0.0.tgz",
      "integrity": "sha512-r2DbJeg4svYvt3HOS74U4eWKsUAMRH01Z1ds1zx8KNTPtpTL5JAsdFv8BNyOpVqdFhHkkRDIg5B4AsxmkjAlmQ==",
      "dev": true,
      "requires": {
        "@babel/types": "^7.0.0"
      }
    },
    "@babel/helper-split-export-declaration": {
      "version": "7.0.0",
      "resolved": "https://registry.npmjs.org/@babel/helper-split-export-declaration/-/helper-split-export-declaration-7.0.0.tgz",
      "integrity": "sha512-MXkOJqva62dfC0w85mEf/LucPPS/1+04nmmRMPEBUB++hiiThQ2zPtX/mEWQ3mtzCEjIJvPY8nuwxXtQeQwUag==",
      "dev": true,
      "requires": {
        "@babel/types": "^7.0.0"
      }
    },
    "@babel/highlight": {
      "version": "7.0.0",
      "resolved": "https://registry.npmjs.org/@babel/highlight/-/highlight-7.0.0.tgz",
      "integrity": "sha512-UFMC4ZeFC48Tpvj7C8UgLvtkaUuovQX+5xNWrsIoMG8o2z+XFKjKaN9iVmS84dPwVN00W4wPmqvYoZF3EGAsfw==",
      "dev": true,
      "requires": {
        "chalk": "^2.0.0",
        "esutils": "^2.0.2",
        "js-tokens": "^4.0.0"
      }
    },
    "@babel/parser": {
      "version": "7.3.2",
      "resolved": "https://registry.npmjs.org/@babel/parser/-/parser-7.3.2.tgz",
      "integrity": "sha512-QzNUC2RO1gadg+fs21fi0Uu0OuGNzRKEmgCxoLNzbCdoprLwjfmZwzUrpUNfJPaVRwBpDY47A17yYEGWyRelnQ==",
      "dev": true
    },
    "@babel/runtime": {
      "version": "7.8.3",
      "resolved": "https://registry.npmjs.org/@babel/runtime/-/runtime-7.8.3.tgz",
      "integrity": "sha512-fVHx1rzEmwB130VTkLnxR+HmxcTjGzH12LYQcFFoBwakMd3aOMD4OsRN7tGG/UOYE2ektgFrS8uACAoRk1CY0w==",
      "dev": true,
      "requires": {
        "regenerator-runtime": "^0.13.2"
      }
    },
    "@babel/runtime-corejs2": {
      "version": "7.4.3",
      "resolved": "https://registry.npmjs.org/@babel/runtime-corejs2/-/runtime-corejs2-7.4.3.tgz",
      "integrity": "sha512-anTLTF7IK8Hd5f73zpPzt875I27UaaTWARJlfMGgnmQhvEe1uNHQRKBUbXL0Gc0VEYiVzsHsTPso5XdK8NGvFg==",
      "dev": true,
      "requires": {
        "core-js": "^2.6.5",
        "regenerator-runtime": "^0.13.2"
      }
    },
    "@babel/template": {
      "version": "7.2.2",
      "resolved": "https://registry.npmjs.org/@babel/template/-/template-7.2.2.tgz",
      "integrity": "sha512-zRL0IMM02AUDwghf5LMSSDEz7sBCO2YnNmpg3uWTZj/v1rcG2BmQUvaGU8GhU8BvfMh1k2KIAYZ7Ji9KXPUg7g==",
      "dev": true,
      "requires": {
        "@babel/code-frame": "^7.0.0",
        "@babel/parser": "^7.2.2",
        "@babel/types": "^7.2.2"
      }
    },
    "@babel/traverse": {
      "version": "7.2.3",
      "resolved": "https://registry.npmjs.org/@babel/traverse/-/traverse-7.2.3.tgz",
      "integrity": "sha512-Z31oUD/fJvEWVR0lNZtfgvVt512ForCTNKYcJBGbPb1QZfve4WGH8Wsy7+Mev33/45fhP/hwQtvgusNdcCMgSw==",
      "dev": true,
      "requires": {
        "@babel/code-frame": "^7.0.0",
        "@babel/generator": "^7.2.2",
        "@babel/helper-function-name": "^7.1.0",
        "@babel/helper-split-export-declaration": "^7.0.0",
        "@babel/parser": "^7.2.3",
        "@babel/types": "^7.2.2",
        "debug": "^4.1.0",
        "globals": "^11.1.0",
        "lodash": "^4.17.10"
      }
    },
    "@babel/types": {
      "version": "7.3.2",
      "resolved": "https://registry.npmjs.org/@babel/types/-/types-7.3.2.tgz",
      "integrity": "sha512-3Y6H8xlUlpbGR+XvawiH0UXehqydTmNmEpozWcXymqwcrwYAl5KMvKtQ+TF6f6E08V6Jur7v/ykdDSF+WDEIXQ==",
      "dev": true,
      "requires": {
        "esutils": "^2.0.2",
        "lodash": "^4.17.10",
        "to-fast-properties": "^2.0.0"
      }
    },
    "@types/color-name": {
      "version": "1.1.1",
      "resolved": "https://registry.npmjs.org/@types/color-name/-/color-name-1.1.1.tgz",
      "integrity": "sha512-rr+OQyAjxze7GgWrSaJwydHStIhHq2lvY3BOC2Mj7KnzI7XK0Uw1TOOdI9lDoajEbSWLiYgoo4f1R51erQfhPQ==",
      "dev": true
    },
    "@types/parse-json": {
      "version": "4.0.0",
      "resolved": "https://registry.npmjs.org/@types/parse-json/-/parse-json-4.0.0.tgz",
      "integrity": "sha512-//oorEZjL6sbPcKUaCdIGlIUeH26mgzimjBB77G6XRgnDl/L5wOnpyBGRe/Mmf5CVW3PwEBE1NjiMZ/ssFh4wA==",
      "dev": true
    },
    "accepts": {
      "version": "1.3.5",
      "resolved": "https://registry.npmjs.org/accepts/-/accepts-1.3.5.tgz",
      "integrity": "sha1-63d99gEXI6OxTopywIBcjoZ0a9I=",
      "dev": true,
      "requires": {
        "mime-types": "~2.1.18",
        "negotiator": "0.6.1"
      }
    },
    "addhttp": {
      "version": "1.0.0",
      "resolved": "https://registry.npmjs.org/addhttp/-/addhttp-1.0.0.tgz",
      "integrity": "sha1-3ILNKA9+cHr9IwBOSM8azysCnm0="
    },
    "agentkeepalive": {
      "version": "3.5.2",
      "resolved": "https://registry.npmjs.org/agentkeepalive/-/agentkeepalive-3.5.2.tgz",
      "integrity": "sha512-e0L/HNe6qkQ7H19kTlRRqUibEAwDK5AFk6y3PtMsuut2VAH6+Q4xZml1tNDJD7kSAyqmbG/K08K5WEJYtUrSlQ==",
      "requires": {
        "humanize-ms": "^1.2.1"
      }
    },
    "ansi-colors": {
      "version": "3.2.3",
      "resolved": "https://registry.npmjs.org/ansi-colors/-/ansi-colors-3.2.3.tgz",
      "integrity": "sha512-LEHHyuhlPY3TmuUYMh2oz89lTShfvgbmzaBcxve9t/9Wuy7Dwf4yoAKcND7KFT1HAQfqZ12qtc+DUrBMeKF9nw==",
      "dev": true
    },
    "ansi-regex": {
      "version": "3.0.0",
      "resolved": "https://registry.npmjs.org/ansi-regex/-/ansi-regex-3.0.0.tgz",
      "integrity": "sha1-7QMXwyIGT3lGbAKWa922Bas32Zg=",
      "dev": true
    },
    "ansi-styles": {
      "version": "3.2.1",
      "resolved": "https://registry.npmjs.org/ansi-styles/-/ansi-styles-3.2.1.tgz",
      "integrity": "sha512-VT0ZI6kZRdTh8YyJw3SMbYm/u+NqfsAxEpWO0Pf9sq8/e94WxxOpPKx9FR1FlyCtOVDNOQ+8ntlqFxiRc+r5qA==",
      "dev": true,
      "requires": {
        "color-convert": "^1.9.0"
      }
    },
    "argparse": {
      "version": "1.0.10",
      "resolved": "https://registry.npmjs.org/argparse/-/argparse-1.0.10.tgz",
      "integrity": "sha512-o5Roy6tNG4SL/FOkCAN6RzjiakZS25RLYFrcMttJqbdd8BWrnA+fGz57iN5Pb06pvBGvl5gQ0B48dJlslXvoTg==",
      "dev": true,
      "requires": {
        "sprintf-js": "~1.0.2"
      }
    },
    "arr-diff": {
      "version": "1.1.0",
      "resolved": "https://registry.npmjs.org/arr-diff/-/arr-diff-1.1.0.tgz",
      "integrity": "sha1-aHwydYFjWI/vfeezb6vklesaOZo=",
      "dev": true,
      "requires": {
        "arr-flatten": "^1.0.1",
        "array-slice": "^0.2.3"
      }
    },
    "arr-flatten": {
      "version": "1.1.0",
      "resolved": "https://registry.npmjs.org/arr-flatten/-/arr-flatten-1.1.0.tgz",
      "integrity": "sha512-L3hKV5R/p5o81R7O02IGnwpDmkp6E982XhtbuwSe3O4qOtMMMtodicASA1Cny2U+aCXcNpml+m4dPsvsJ3jatg==",
      "dev": true
    },
    "array-dsl": {
      "version": "1.6.32",
      "resolved": "https://registry.npmjs.org/array-dsl/-/array-dsl-1.6.32.tgz",
      "integrity": "sha512-u9ZN93nnKyf61ML9jX3fU5N63vqzKd5DLJ1LskMhT9xiZhnX4TyYIrYhyOEqNtwTwwJxzvKI0gztcVhi164GXQ==",
      "dev": true,
      "requires": {
        "array-find-index": "^1.0.2",
        "array-flatten": "^2.1.1",
        "array-union": "^2.0.0",
        "array-uniq": "^2.0.0",
        "array-xor": "^0.1.1",
        "dsl-framework": "^1.6.32",
        "isarray": "^2.0.4",
        "random-item": "^1.0.0",
        "unique-random-array": "^2.0.0"
      },
      "dependencies": {
        "dsl-framework": {
          "version": "1.6.32",
          "resolved": "https://registry.npmjs.org/dsl-framework/-/dsl-framework-1.6.32.tgz",
          "integrity": "sha512-hC2E+AJUWLhvlD23Yt1LfO98q13XKv6Omz1QA4iq+L9OxXsNRgE6pb58vDh0F0LIKwF+FA9FUfRPtHGr7qciDQ==",
          "dev": true
        }
      }
    },
    "array-find-index": {
      "version": "1.0.2",
      "resolved": "https://registry.npmjs.org/array-find-index/-/array-find-index-1.0.2.tgz",
      "integrity": "sha1-3wEKoSh+Fku9pvlyOwqWoexBh6E=",
      "dev": true
    },
    "array-flatten": {
      "version": "2.1.2",
      "resolved": "https://registry.npmjs.org/array-flatten/-/array-flatten-2.1.2.tgz",
      "integrity": "sha512-hNfzcOV8W4NdualtqBFPyVO+54DSJuZGY9qT4pRroB6S9e3iiido2ISIC5h9R2sPJ8H3FHCIiEnsv1lPXO3KtQ=="
    },
    "array-ify": {
      "version": "1.0.0",
      "resolved": "https://registry.npmjs.org/array-ify/-/array-ify-1.0.0.tgz",
      "integrity": "sha1-nlKHYrSpBmrRY6aWKjZEGOlibs4=",
      "dev": true
    },
    "array-slice": {
      "version": "0.2.3",
      "resolved": "https://registry.npmjs.org/array-slice/-/array-slice-0.2.3.tgz",
      "integrity": "sha1-3Tz7gO15c6dRF82sabC5nshhhvU=",
      "dev": true
    },
    "array-union": {
      "version": "2.0.0",
      "resolved": "https://registry.npmjs.org/array-union/-/array-union-2.0.0.tgz",
      "integrity": "sha512-ZjSYPO4XoY3B/xgSfb1+p1AV70kKQP0Z8wzJZ/XLujK+Kc3PvZ3iVYjRDETy0HDrT58/mbJ8LzqoxFvaK51qeA==",
      "dev": true
    },
    "array-uniq": {
      "version": "2.1.0",
      "resolved": "https://registry.npmjs.org/array-uniq/-/array-uniq-2.1.0.tgz",
      "integrity": "sha512-bdHxtev7FN6+MXI1YFW0Q8mQ8dTJc2S8AMfju+ZR77pbg2yAdVyDlwkaUI7Har0LyOMRFPHrJ9lYdyjZZswdlQ==",
      "dev": true
    },
    "array-unique": {
      "version": "0.3.2",
      "resolved": "https://registry.npmjs.org/array-unique/-/array-unique-0.3.2.tgz",
      "integrity": "sha1-qJS3XUvE9s1nnvMkSp/Y9Gri1Cg=",
      "dev": true
    },
    "array-xor": {
      "version": "0.1.1",
      "resolved": "https://registry.npmjs.org/array-xor/-/array-xor-0.1.1.tgz",
      "integrity": "sha1-aIu22WxIgPp2fnH1BZ0qfwk2P5U=",
      "dev": true,
      "requires": {
        "arr-diff": "^1.1.0",
        "array-unique": "^0.2.1"
      },
      "dependencies": {
        "array-unique": {
          "version": "0.2.1",
          "resolved": "https://registry.npmjs.org/array-unique/-/array-unique-0.2.1.tgz",
          "integrity": "sha1-odl8yvy8JiXMcPrc6zalDFiwGlM=",
          "dev": true
        }
      }
    },
    "arrify": {
      "version": "2.0.0",
      "resolved": "https://registry.npmjs.org/arrify/-/arrify-2.0.0.tgz",
      "integrity": "sha512-C+FpZX94te3l4TQu40KxfwOKlXQr6b+AcpFp/0bb2JbUX8P6FwL0srF/shrVgklis9AAdeUVwzVmyOiFzm0/ww==",
      "dev": true
    },
    "assertion-error": {
      "version": "1.1.0",
      "resolved": "https://registry.npmjs.org/assertion-error/-/assertion-error-1.1.0.tgz",
      "integrity": "sha512-jgsaNduz+ndvGyFt3uSuWqvy4lCnIJiovtouQN5JZHOKCS2QuhEdbcQHFhVksz2N2U9hXJo8odG7ETyWlEeuDw==",
      "dev": true
    },
    "async": {
      "version": "2.6.1",
      "resolved": "https://registry.npmjs.org/async/-/async-2.6.1.tgz",
      "integrity": "sha512-fNEiL2+AZt6AlAw/29Cr0UDe4sRAHCpEHh54WMz+Bb7QfNcFw4h3loofyJpLeQs4Yx7yuqu/2dLgM5hKOs6HlQ==",
      "dev": true,
      "requires": {
        "lodash": "^4.17.10"
      }
    },
    "axios": {
      "version": "0.18.0",
      "resolved": "https://registry.npmj